
Microsoft Visual Studio Solution File, Format Version 12.00
# Visual Studio Version 16
VisualStudioVersion = 16.0.28729.10
MinimumVisualStudioVersion = 10.0.40219.1
Project("{FAE04EC0-301F-11D3-BF4B-00C04F79EFBC}") = "GenJii", "GenJii\GenJii.csproj", "{DC8A0276-BC40-4ED5-B2F9-D52FB4F7646B}"
EndProject
Global
	GlobalSection(SolutionConfigurationPlatforms) = preSolution
		Debug|Any CPU = Debug|Any CPU
		Release|Any CPU = Release|Any CPU
	EndGlobalSection
	GlobalSection(ProjectConfigurationPlatforms) = postSolution
		{DC8A0276-BC40-4ED5-B2F9-D52FB4F7646B}.Debug|Any CPU.ActiveCfg = Debug|Any CPU
		{DC8A0276-BC40-4ED5-B2F9-D52FB4F7646B}.Debug|Any CPU.Build.0 = Debug|Any CPU
		{DC8A0276-BC40-4ED5-B2F9-D52FB4F7646B}.Release|Any CPU.ActiveCfg = Release|Any CPU
		{DC8A0276-BC40-4ED5-B2F9-D52FB4F7646B}.Release|Any CPU.Build.0 = Release|Any CPU
	EndGlobalSection
	GlobalSection(SolutionProperties) = preSolution
		HideSolutionNode = FALSE
	EndGlobalSection
	GlobalSection(ExtensibilityGlobals) = postSolution
		SolutionGuid = {877610EE-961C-44DE-A282-B4EF612F9063}
	EndGlobalSection
EndGlobal
